
Microsoft Visual Studio Solution File, Format Version 12.00
# Visual Studio 15
VisualStudioVersion = 15.0.28010.2003
MinimumVisualStudioVersion = 10.0.40219.1
Project("{8BC9CEB8-8B4A-11D0-8D11-00A0C91BC942}") = "Assingment2ACM", "Assingment2ACM\Assingment2ACM.vcxproj", "{96D28624-24FA-490B-87A7-FB3B8D7D3BD1}"
EndProject
Global
	GlobalSection(SolutionConfigurationPlatforms) = preSolution
		Debug|x64 = Debug|x64
		Debug|x86 = Debug|x86
		Release|x64 = Release|x64
		Release|x86 = Release|x86
	EndGlobalSection
	GlobalSection(ProjectConfigurationPlatforms) = postSolution
		{96D28624-24FA-490B-87A7-FB3B8D7D3BD1}.Debug|x64.ActiveCfg = Debug|x64
		{96D28624-24FA-490B-87A7-FB3B8D7D3BD1}.Debug|x64.Build.0 = Debug|x64
		{96D28624-24FA-490B-87A7-FB3B8D7D3BD1}.Debug|x86.ActiveCfg = Debug|Win32
		{96D28624-24FA-490B-87A7-FB3B8D7D3BD1}.Debug|x86.Build.0 = Debug|Win32
		{96D28624-24FA-490B-87A7-FB3B8D7D3BD1}.Release|x64.ActiveCfg = Release|x64
		{96D28624-24FA-490B-87A7-FB3B8D7D3BD1}.Release|x64.Build.0 = Release|x64
		{96D28624-24FA-490B-87A7-FB3B8D7D3BD1}.Release|x86.ActiveCfg = Release|Win32
		{96D28624-24FA-490B-87A7-FB3B8D7D3BD1}.Release|x86.Build.0 = Release|Win32
	EndGlobalSection
	GlobalSection(SolutionProperties) = preSolution
		HideSolutionNode = FALSE
	EndGlobalSection
	GlobalSection(ExtensibilityGlobals) = postSolution
		SolutionGuid = {DB5CDDCC-1F0E-4A24-92A9-1AB96A126ECA}
	EndGlobalSection
EndGlobal
